
Microsoft Visual Studio Solution File, Format Version 12.00
# Visual Studio Version 17
VisualStudioVersion = 17.8.34316.72
MinimumVisualStudioVersion = 10.0.40219.1
Project("{FAE04EC0-301F-11D3-BF4B-00C04F79EFBC}") = "AWSResourceManager", "AWSResourceManager\AWSResourceManager.csproj", "{8BC8965E-5DC8-4BEC-8EF2-70FD35EEE316}"
EndProject
Global
	GlobalSection(SolutionConfigurationPlatforms) = preSolution
		Debug|Any CPU = Debug|Any CPU
		Release|Any CPU = Release|Any CPU
	EndGlobalSection
	GlobalSection(ProjectConfigurationPlatforms) = postSolution
		{8BC8965E-5DC8-4BEC-8EF2-70FD35EEE316}.Debug|Any CPU.ActiveCfg = Debug|Any CPU
		{8BC8965E-5DC8-4BEC-8EF2-70FD35EEE316}.Debug|Any CPU.Build.0 = Debug|Any CPU
		{8BC8965E-5DC8-4BEC-8EF2-70FD35EEE316}.Release|Any CPU.ActiveCfg = Release|Any CPU
		{8BC8965E-5DC8-4BEC-8EF2-70FD35EEE316}.Release|Any CPU.Build.0 = Release|Any CPU
	EndGlobalSection
	GlobalSection(SolutionProperties) = preSolution
		HideSolutionNode = FALSE
	EndGlobalSection
	GlobalSection(ExtensibilityGlobals) = postSolution
		SolutionGuid = {DAB6DC25-FA4E-40C0-9F1F-80FCFB35204E}
	EndGlobalSection
EndGlobal
